
Microsoft Visual Studio Solution File, Format Version 12.00
Project("{FAE04EC0-301F-11D3-BF4B-00C04F79EFBC}") = "WTT-WAAC", "WTT-WAAC\WTT-WAAC.csproj", "{2400549A-0A6B-40B7-9907-C334CEFA9EDC}"
EndProject
Global
	GlobalSection(SolutionConfigurationPlatforms) = preSolution
		Debug|Any CPU = Debug|Any CPU
		Release|Any CPU = Release|Any CPU
	EndGlobalSection
	GlobalSection(ProjectConfigurationPlatforms) = postSolution
		{2400549A-0A6B-40B7-9907-C334CEFA9EDC}.Debug|Any CPU.ActiveCfg = Debug|Any CPU
		{2400549A-0A6B-40B7-9907-C334CEFA9EDC}.Debug|Any CPU.Build.0 = Debug|Any CPU
		{2400549A-0A6B-40B7-9907-C334CEFA9EDC}.Release|Any CPU.ActiveCfg = Release|Any CPU
		{2400549A-0A6B-40B7-9907-C334CEFA9EDC}.Release|Any CPU.Build.0 = Release|Any CPU
	EndGlobalSection
EndGlobal
